{
  "name": "filemanager",
  "version": "1.0.0",
  "lockfileVersion": 1,
  "requires": true,
  "dependencies": {
    "cloudinary": {
      "version": "1.14.0",
      "resolved": "https://registry.npmjs.org/cloudinary/-/cloudinary-1.14.0.tgz",
      "integrity": "sha512-auJY4aD1UGnQTD2iy6kuTA+FJsqyrr9svG12WYSPAO6oRGRf+16UFDDBNuRMm37wj8Tyn8LyiED0b+Jha36ORA==",
      "requires": {
        "lodash": "^4.17.11",
        "q": "^1.5.1"
      },
      "dependencies": {
        "q": {
          "version": "1.5.1",
          "resolved": "https://registry.npmjs.org/q/-/q-1.5.1.tgz",
          "integrity": "sha1-fjL3W0E4EpHQRhHxvxQQmsAGUdc="
        }
      }
    },
    "datauri": {
      "version": "2.0.0",
      "resolved": "https://registry.npmjs.org/datauri/-/datauri-2.0.0.tgz",
      "integrity": "sha512-zS2HSf9pI5XPlNZgIqJg/wCJpecgU/HA6E/uv2EfaWnW1EiTGLfy/EexTIsC9c99yoCOTXlqeeWk4FkCSuO3/g==",
      "requires": {
        "image-size": "^0.7.3",
        "mimer": "^1.0.0"
      }
    },
    "image-size": {
      "version": "0.7.4",
      "resolved": "https://registry.npmjs.org/image-size/-/image-size-0.7.4.tgz",
      "integrity": "sha512-GqPgxs+VkOr12aWwjSkyRzf5atzObWpFtiRuDgxCl2I/SDpZOKZFRD3iIAeAN6/usmn8SeLWRt7a8JRYK0Whbw=="
    },
    "lodash": {
      "version": "4.17.11",
      "resolved": "https://registry.npmjs.org/lodash/-/lodash-4.17.11.tgz",
      "integrity": "sha512-cQKh8igo5QUhZ7lg38DYWAxMvjSAKG0A8wGSVimP07SIUEK2UO+arSRKbRZWtelMtN5V0Hkwh5ryOto/SshYIg=="
    },
    "mimer": {
      "version": "1.0.0",
      "resolved": "https://registry.npmjs.org/mimer/-/mimer-1.0.0.tgz",
      "integrity": "sha512-4ZJvCzfcwsBgPbkKXUzGoVZMWjv8IDIygkGzVc7uUYhgnK0t2LmGxxjdgH1i+pn0/KQfB5F/VKUJlfyTSOFQjg=="
    },
    "multer-storage-cloudinary": {
      "version": "2.2.1",
      "resolved": "https://registry.npmjs.org/multer-storage-cloudinary/-/multer-storage-cloudinary-2.2.1.tgz",
      "integrity": "sha1-0x8luPCVID8xyeVUwBrYxpGxqXQ=",
      "requires": {
        "run-parallel": "^1.1.6"
      }
    },
    "run-parallel": {
      "version": "1.1.9",
      "resolved": "https://registry.npmjs.org/run-parallel/-/run-parallel-1.1.9.tgz",
      "integrity": "sha512-DEqnSRTDw/Tc3FXf49zedI638Z9onwUotBMiUFKmrO2sdFKIbXamXGQ3Axd4qgphxKB4kw/qP1w5kTxnfU1B9Q=="
    }
  }
}
